
Microsoft Visual Studio Solution File, Format Version 12.00
# Visual Studio Version 17
VisualStudioVersion = 17.1.32407.343
MinimumVisualStudioVersion = 10.0.40219.1
Project("{FAE04EC0-301F-11D3-BF4B-00C04F79EFBC}") = "Array", "Array.csproj", "{F9D526A6-9BA9-4D55-BF86-38B7DD4CC41D}"
EndProject
Global
	GlobalSection(SolutionConfigurationPlatforms) = preSolution
		Debug|Any CPU = Debug|Any CPU
		Release|Any CPU = Release|Any CPU
	EndGlobalSection
	GlobalSection(ProjectConfigurationPlatforms) = postSolution
		{F9D526A6-9BA9-4D55-BF86-38B7DD4CC41D}.Debug|Any CPU.ActiveCfg = Debug|Any CPU
		{F9D526A6-9BA9-4D55-BF86-38B7DD4CC41D}.Debug|Any CPU.Build.0 = Debug|Any CPU
		{F9D526A6-9BA9-4D55-BF86-38B7DD4CC41D}.Release|Any CPU.ActiveCfg = Release|Any CPU
		{F9D526A6-9BA9-4D55-BF86-38B7DD4CC41D}.Release|Any CPU.Build.0 = Release|Any CPU
	EndGlobalSection
	GlobalSection(SolutionProperties) = preSolution
		HideSolutionNode = FALSE
	EndGlobalSection
	GlobalSection(ExtensibilityGlobals) = postSolution
		SolutionGuid = {D18B53EB-79C0-4F10-A12B-A93CCA15E0B0}
	EndGlobalSection
EndGlobal
